# THIS IS AN AUTOGENERATED FILE. DO NOT EDIT THIS FILE DIRECTLY.
# yarn lockfile v1


"@rollup/plugin-typescript@^8.3.0":
  version "8.3.0"
  resolved "https://registry.npmmirror.com/@rollup/plugin-typescript/download/@rollup/plugin-typescript-8.3.0.tgz#bc1077fa5897b980fc27e376c4e377882c63e68b"
  integrity sha1-vBB3+liXuYD8J+N2xON3iCxj5os=
  dependencies:
    "@rollup/pluginutils" "^3.1.0"
    resolve "^1.17.0"

"@rollup/pluginutils@^3.1.0":
  version "3.1.0"
  resolved "https://registry.nlark.com/@rollup/pluginutils/download/@rollup/pluginutils-3.1.0.tgz?cache=0&sync_timestamp=1626393703548&other_urls=https%3A%2F%2Fregistry.nlark.com%2F%40rollup%2Fpluginutils%2Fdownload%2F%40rollup%2Fpluginutils-3.1.0.tgz#706b4524ee6dc8b103b3c995533e5ad680c02b9b"
  integrity sha1-cGtFJO5tyLEDs8mVUz5a1oDAK5s=
  dependencies:
    "@types/estree" "0.0.39"
    estree-walker "^1.0.1"
    picomatch "^2.2.2"

"@types/estree@*":
  version "0.0.50"
  resolved "https://registry.nlark.com/@types/estree/download/@types/estree-0.0.50.tgz#1e0caa9364d3fccd2931c3ed96fdbeaa5d4cca83"
  integrity sha1-Hgyqk2TT/M0pMcPtlv2+ql1MyoM=

"@types/estree@0.0.39":
  version "0.0.39"
  resolved "https://registry.nlark.com/@types/estree/download/@types/estree-0.0.39.tgz#e177e699ee1b8c22d23174caaa7422644389509f"
  integrity sha1-4Xfmme4bjCLSMXTKqnQiZEOJUJ8=

estree-walker@^0.6.1:
  version "0.6.1"
  resolved "https://registry.npm.taobao.org/estree-walker/download/estree-walker-0.6.1.tgz?cache=0&sync_timestamp=1611956983677&other_urls=https%3A%2F%2Fregistry.npm.taobao.org%2Festree-walker%2Fdownload%2Festree-walker-0.6.1.tgz#53049143f40c6eb918b23671d1fe3219f3a1b362"
  integrity sha1-UwSRQ/QMbrkYsjZx0f4yGfOhs2I=

estree-walker@^1.0.1:
  version "1.0.1"
  resolved "https://registry.npm.taobao.org/estree-walker/download/estree-walker-1.0.1.tgz?cache=0&sync_timestamp=1611956983677&other_urls=https%3A%2F%2Fregistry.npm.taobao.org%2Festree-walker%2Fdownload%2Festree-walker-1.0.1.tgz#31bc5d612c96b704106b477e6dd5d8aa138cb700"
  integrity sha1-MbxdYSyWtwQQa0d+bdXYqhOMtwA=

fsevents@~2.3.2:
  version "2.3.2"
  resolved "https://registry.nlark.com/fsevents/download/fsevents-2.3.2.tgz#8a526f78b8fdf4623b709e0b975c52c24c02fd1a"
  integrity sha1-ilJveLj99GI7cJ4Ll1xSwkwC/Ro=

function-bind@^1.1.1:
  version "1.1.1"
  resolved "https://registry.npm.taobao.org/function-bind/download/function-bind-1.1.1.tgz#a56899d3ea3c9bab874bb9773b7c5ede92f4895d"
  integrity sha1-pWiZ0+o8m6uHS7l3O3xe3pL0iV0=

has@^1.0.3:
  version "1.0.3"
  resolved "https://registry.nlark.com/has/download/has-1.0.3.tgz#722d7cbfc1f6aa8241f16dd814e011e1f41e8796"
  integrity sha1-ci18v8H2qoJB8W3YFOAR4fQeh5Y=
  dependencies:
    function-bind "^1.1.1"

is-core-module@^2.2.0:
  version "2.8.0"
  resolved "https://registry.npmmirror.com/is-core-module/download/is-core-module-2.8.0.tgz?cache=0&other_urls=https%3A%2F%2Fregistry.npmmirror.com%2Fis-core-module%2Fdownload%2Fis-core-module-2.8.0.tgz#0321336c3d0925e497fd97f5d95cb114a5ccd548"
  integrity sha1-AyEzbD0JJeSX/Zf12VyxFKXM1Ug=
  dependencies:
    has "^1.0.3"

is-reference@^1.1.2:
  version "1.2.1"
  resolved "https://registry.nlark.com/is-reference/download/is-reference-1.2.1.tgz#8b2dac0b371f4bc994fdeaba9eb542d03002d0b7"
  integrity sha1-iy2sCzcfS8mU/eq6nrVC0DAC0Lc=
  dependencies:
    "@types/estree" "*"

magic-string@^0.25.2:
  version "0.25.7"
  resolved "https://registry.nlark.com/magic-string/download/magic-string-0.25.7.tgz?cache=0&sync_timestamp=1618847046304&other_urls=https%3A%2F%2Fregistry.nlark.com%2Fmagic-string%2Fdownload%2Fmagic-string-0.25.7.tgz#3f497d6fd34c669c6798dcb821f2ef31f5445051"
  integrity sha1-P0l9b9NMZpxnmNy4IfLvMfVEUFE=
  dependencies:
    sourcemap-codec "^1.4.4"

path-parse@^1.0.6:
  version "1.0.7"
  resolved "https://registry.nlark.com/path-parse/download/path-parse-1.0.7.tgz#fbc114b60ca42b30d9daf5858e4bd68bbedb6735"
  integrity sha1-+8EUtgykKzDZ2vWFjkvWi77bZzU=

picomatch@^2.2.2:
  version "2.3.0"
  resolved "https://registry.nlark.com/picomatch/download/picomatch-2.3.0.tgz#f1f061de8f6a4bf022892e2d128234fb98302972"
  integrity sha1-8fBh3o9qS/AiiS4tEoI0+5gwKXI=

resolve@^1.11.0, resolve@^1.17.0:
  version "1.20.0"
  resolved "https://registry.npm.taobao.org/resolve/download/resolve-1.20.0.tgz#629a013fb3f70755d6f0b7935cc1c2c5378b1975"
  integrity sha1-YpoBP7P3B1XW8LeTXMHCxTeLGXU=
  dependencies:
    is-core-module "^2.2.0"
    path-parse "^1.0.6"

rollup-plugin-commonjs@^10.1.0:
  version "10.1.0"
  resolved "https://registry.npm.taobao.org/rollup-plugin-commonjs/download/rollup-plugin-commonjs-10.1.0.tgz#417af3b54503878e084d127adf4d1caf8beb86fb"
  integrity sha1-QXrztUUDh44ITRJ6300cr4vrhvs=
  dependencies:
    estree-walker "^0.6.1"
    is-reference "^1.1.2"
    magic-string "^0.25.2"
    resolve "^1.11.0"
    rollup-pluginutils "^2.8.1"

rollup-pluginutils@^2.8.1:
  version "2.8.2"
  resolved "https://registry.npm.taobao.org/rollup-pluginutils/download/rollup-pluginutils-2.8.2.tgz#72f2af0748b592364dbd3389e600e5a9444a351e"
  integrity sha1-cvKvB0i1kjZNvTOJ5gDlqURKNR4=
  dependencies:
    estree-walker "^0.6.1"

rollup@^2.58.3:
  version "2.58.3"
  resolved "https://registry.npmmirror.com/rollup/download/rollup-2.58.3.tgz?cache=0&sync_timestamp=1635229318454&other_urls=https%3A%2F%2Fregistry.npmmirror.com%2Frollup%2Fdownload%2Frollup-2.58.3.tgz#71a08138d9515fb65043b6a18618b2ed9ac8d239"
  integrity sha1-caCBONlRX7ZQQ7ahhhiy7ZrI0jk=
  optionalDependencies:
    fsevents "~2.3.2"

sourcemap-codec@^1.4.4:
  version "1.4.8"
  resolved "https://registry.nlark.com/sourcemap-codec/download/sourcemap-codec-1.4.8.tgz#ea804bd94857402e6992d05a38ef1ae35a9ab4c4"
  integrity sha1-6oBL2UhXQC5pktBaOO8a41qatMQ=

tslib@^2.3.1:
  version "2.3.1"
  resolved "https://registry.nlark.com/tslib/download/tslib-2.3.1.tgz?cache=0&sync_timestamp=1628722556410&other_urls=https%3A%2F%2Fregistry.nlark.com%2Ftslib%2Fdownload%2Ftslib-2.3.1.tgz#e8a335add5ceae51aa261d32a490158ef042ef01"
  integrity sha1-6KM1rdXOrlGqJh0ypJAVjvBC7wE=

typescript@^4.4.4:
  version "4.4.4"
  resolved "https://registry.npmmirror.com/typescript/download/typescript-4.4.4.tgz#2cd01a1a1f160704d3101fd5a58ff0f9fcb8030c"
  integrity sha1-LNAaGh8WBwTTEB/VpY/w+fy4Aww=
